// !$*UTF8*$!
{
	archiveVersion = 1;
	classes = {
	};
	objectVersion = 77;
	objects = {

/* Begin PBXContainerItemProxy section */
		5418E45B2CDB7232003AF62E /* PBXContainerItemProxy */ = {
			isa = PBXContainerItemProxy;
			containerPortal = 5418E43D2CDB7231003AF62E /* Project object */;
			proxyType = 1;
			remoteGlobalIDString = 5418E4442CDB7231003AF62E;
			remoteInfo = MicroQRkit;
		};
		5418E4652CDB7232003AF62E /* PBXContainerItemProxy */ = {
			isa = PBXContainerItemProxy;
			containerPortal = 5418E43D2CDB7231003AF62E /* Project object */;
			proxyType = 1;
			remoteGlobalIDString = 5418E4442CDB7231003AF62E;
			remoteInfo = MicroQRkit;
		};
/* End PBXContainerItemProxy section */

/* Begin PBXFileReference section */
		5418E4452CDB7231003AF62E /* MicroQRkit.app */ = {isa = PBXFileReference; explicitFileType = wrapper.application; includeInIndex = 0; path = MicroQRkit.app; sourceTree = BUILT_PRODUCTS_DIR; };
		5418E45A2CDB7232003AF62E /* MicroQRkitTests.xctest */ = {isa = PBXFileReference; explicitFileType = wrapper.cfbundle; includeInIndex = 0; path = MicroQRkitTests.xctest; sourceTree = BUILT_PRODUCTS_DIR; };
		5418E4642CDB7232003AF62E /* MicroQRkitUITests.xctest */ = {isa = PBXFileReference; explicitFileType = wrapper.cfbundle; includeInIndex = 0; path = MicroQRkitUITests.xctest; sourceTree = BUILT_PRODUCTS_DIR; };
/* End PBXFileReference section */

/* Begin PBXFileSystemSynchronizedRootGroup section */
		5418E4472CDB7231003AF62E /* MicroQRkit */ = {
			isa = PBXFileSystemSynchronizedRootGroup;
			path = MicroQRkit;
			sourceTree = "<group>";
		};
		5418E45D2CDB7232003AF62E /* MicroQRkitTests */ = {
			isa = PBXFileSystemSynchronizedRootGroup;
			path = MicroQRkitTests;
			sourceTree = "<group>";
		};
		5418E4672CDB7232003AF62E /* MicroQRkitUITests */ = {
			isa = PBXFileSystemSynchronizedRootGroup;
			path = MicroQRkitUITests;
			sourceTree = "<group>";
		};
/* End PBXFileSystemSynchronizedRootGroup section */

/* Begin PBXFrameworksBuildPhase section */
		5418E4422CDB7231003AF62E /* Frameworks */ = {
			isa = PBXFrameworksBuildPhase;
			buildActionMask = 2147483647;
			files = (
			);
			runOnlyForDeploymentPostprocessing = 0;
		};
		5418E4572CDB7232003AF62E /* Frameworks */ = {
			isa = PBXFrameworksBuildPhase;
			buildActionMask = 2147483647;
			files = (
			);
			runOnlyForDeploymentPostprocessing = 0;
		};
		5418E4612CDB7232003AF62E /* Frameworks */ = {
			isa = PBXFrameworksBuildPhase;
			buildActionMask = 2147483647;
			files = (
			);
			runOnlyForDeploymentPostprocessing = 0;
		};
/* End PBXFrameworksBuildPhase section */

/* Begin PBXGroup section */
		5418E43C2CDB7231003AF62E = {
			isa = PBXGroup;
			children = (
				5418E4472CDB7231003AF62E /* MicroQRkit */,
				5418E45D2CDB7232003AF62E /* MicroQRkitTests */,
				5418E4672CDB7232003AF62E /* MicroQRkitUITests */,
				5418E4462CDB7231003AF62E /* Products */,
			);
			sourceTree = "<group>";
		};
		5418E4462CDB7231003AF62E /* Products */ = {
			isa = PBXGroup;
			children = (
				5418E4452CDB7231003AF62E /* MicroQRkit.app */,
				5418E45A2CDB7232003AF62E /* MicroQRkitTests.xctest */,
				5418E4642CDB7232003AF62E /* MicroQRkitUITests.xctest */,
			);
			name = Products;
			sourceTree = "<group>";
		};
/* End PBXGroup section */

/* Begin PBXNativeTarget section */
		5418E4442CDB7231003AF62E /* MicroQRkit */ = {
			isa = PBXNativeTarget;
			buildConfigurationList = 5418E46E2CDB7232003AF62E /* Build configuration list for PBXNativeTarget "MicroQRkit" */;
			buildPhases = (
				5418E4412CDB7231003AF62E /* Sources */,
				5418E4422CDB7231003AF62E /* Frameworks */,
				5418E4432CDB7231003AF62E /* Resources */,
			);
			buildRules = (
			);
			dependencies = (
			);
			fileSystemSynchronizedGroups = (
				5418E4472CDB7231003AF62E /* MicroQRkit */,
			);
			name = MicroQRkit;
			packageProductDependencies = (
			);
			productName = MicroQRkit;
			productReference = 5418E4452CDB7231003AF62E /* MicroQRkit.app */;
			productType = "com.apple.product-type.application";
		};
		5418E4592CDB7232003AF62E /* MicroQRkitTests */ = {
			isa = PBXNativeTarget;
			buildConfigurationList = 5418E4712CDB7232003AF62E /* Build configuration list for PBXNativeTarget "MicroQRkitTests" */;
			buildPhases = (
				5418E4562CDB7232003AF62E /* Sources */,
				5418E4572CDB7232003AF62E /* Frameworks */,
				5418E4582CDB7232003AF62E /* Resources */,
			);
			buildRules = (
			);
			dependencies = (
				5418E45C2CDB7232003AF62E /* PBXTargetDependency */,
			);
			fileSystemSynchronizedGroups = (
				5418E45D2CDB7232003AF62E /* MicroQRkitTests */,
			);
			name = MicroQRkitTests;
			packageProductDependencies = (
			);
			productName = MicroQRkitTests;
			productReference = 5418E45A2CDB7232003AF62E /* MicroQRkitTests.xctest */;
			productType = "com.apple.product-type.bundle.unit-test";
		};
		5418E4632CDB7232003AF62E /* MicroQRkitUITests */ = {
			isa = PBXNativeTarget;
			buildConfigurationList = 5418E4742CDB7232003AF62E /* Build configuration list for PBXNativeTarget "MicroQRkitUITests" */;
			buildPhases = (
				5418E4602CDB7232003AF62E /* Sources */,
				5418E4612CDB7232003AF62E /* Frameworks */,
				5418E4622CDB7232003AF62E /* Resources */,
			);
			buildRules = (
			);
			dependencies = (
				5418E4662CDB7232003AF62E /* PBXTargetDependency */,
			);
			fileSystemSynchronizedGroups = (
				5418E4672CDB7232003AF62E /* MicroQRkitUITests */,
			);
			name = MicroQRkitUITests;
			packageProductDependencies = (
			);
			productName = MicroQRkitUITests;
			productReference = 5418E4642CDB7232003AF62E /* MicroQRkitUITests.xctest */;
			productType = "com.apple.product-type.bundle.ui-testing";
		};
/* End PBXNativeTarget section */

/* Begin PBXProject section */
		5418E43D2CDB7231003AF62E /* Project object */ = {
			isa = PBXProject;
			attributes = {
				BuildIndependentTargetsInParallel = 1;
				LastSwiftUpdateCheck = 1610;
				LastUpgradeCheck = 1610;
				TargetAttributes = {
					5418E4442CDB7231003AF62E = {
						CreatedOnToolsVersion = 16.1;
					};
					5418E4592CDB7232003AF62E = {
						CreatedOnToolsVersion = 16.1;
						TestTargetID = 5418E4442CDB7231003AF62E;
					};
					5418E4632CDB7232003AF62E = {
						CreatedOnToolsVersion = 16.1;
						TestTargetID = 5418E4442CDB7231003AF62E;
					};
				};
			};
			buildConfigurationList = 5418E4402CDB7231003AF62E /* Build configuration list for PBXProject "MicroQRkit" */;
			developmentRegion = en;
			hasScannedForEncodings = 0;
			knownRegions = (
				en,
				Base,
			);
			mainGroup = 5418E43C2CDB7231003AF62E;
			minimizedProjectReferenceProxies = 1;
			preferredProjectObjectVersion = 77;
			productRefGroup = 5418E4462CDB7231003AF62E /* Products */;
			projectDirPath = "";
			projectRoot = "";
			targets = (
				5418E4442CDB7231003AF62E /* MicroQRkit */,
				5418E4592CDB7232003AF62E /* MicroQRkitTests */,
				5418E4632CDB7232003AF62E /* MicroQRkitUITests */,
			);
		};
/* End PBXProject section */

/* Begin PBXResourcesBuildPhase section */
		5418E4432CDB7231003AF62E /* Resources */ = {
			isa = PBXResourcesBuildPhase;
			buildActionMask = 2147483647;
			files = (
			);
			runOnlyForDeploymentPostprocessing = 0;
		};
		5418E4582CDB7232003AF62E /* Resources */ = {
			isa = PBXResourcesBuildPhase;
			buildActionMask = 2147483647;
			files = (
			);
			runOnlyForDeploymentPostprocessing = 0;
		};
		5418E4622CDB7232003AF62E /* Resources */ = {
			isa = PBXResourcesBuildPhase;
			buildActionMask = 2147483647;
			files = (
			);
			runOnlyForDeploymentPostprocessing = 0;
		};
/* End PBXResourcesBuildPhase section */

/* Begin PBXSourcesBuildPhase section */
		5418E4412CDB7231003AF62E /* Sources */ = {
			isa = PBXSourcesBuildPhase;
			buildActionMask = 2147483647;
			files = (
			);
			runOnlyForDeploymentPostprocessing = 0;
		};
		5418E4562CDB7232003AF62E /* Sources */ = {
			isa = PBXSourcesBuildPhase;
			buildActionMask = 2147483647;
			files = (
			);
			runOnlyForDeploymentPostprocessing = 0;
		};
		5418E4602CDB7232003AF62E /* Sources */ = {
			isa = PBXSourcesBuildPhase;
			buildActionMask = 2147483647;
			files = (
			);
			runOnlyForDeploymentPostprocessing = 0;
		};
/* End PBXSourcesBuildPhase section */

/* Begin PBXTargetDependency section */
		5418E45C2CDB7232003AF62E /* PBXTargetDependency */ = {
			isa = PBXTargetDependency;
			target = 5418E4442CDB7231003AF62E /* MicroQRkit */;
			targetProxy = 5418E45B2CDB7232003AF62E /* PBXContainerItemProxy */;
		};
		5418E4662CDB7232003AF62E /* PBXTargetDependency */ = {
			isa = PBXTargetDependency;
			target = 5418E4442CDB7231003AF62E /* MicroQRkit */;
			targetProxy = 5418E4652CDB7232003AF62E /* PBXContainerItemProxy */;
		};
/* End PBXTargetDependency section */

/* Begin XCBuildConfiguration section */
		5418E46C2CDB7232003AF62E /* Debug */ = {
			isa = XCBuildConfiguration;
			buildSettings = {
				ALWAYS_SEARCH_USER_PATHS = NO;
				ASSETCATALOG_COMPILER_GENERATE_SWIFT_ASSET_SYMBOL_EXTENSIONS = YES;
				CLANG_ANALYZER_NONNULL = YES;
				CLANG_ANALYZER_NUMBER_OBJECT_CONVERSION = YES_AGGRESSIVE;
				CLANG_CXX_LANGUAGE_STANDARD = "gnu++20";
				CLANG_ENABLE_MODULES = YES;
				CLANG_ENABLE_OBJC_ARC = YES;
				CLANG_ENABLE_OBJC_WEAK = YES;
				CLANG_WARN_BLOCK_CAPTURE_AUTORELEASING = YES;
				CLANG_WARN_BOOL_CONVERSION = YES;
				CLANG_WARN_COMMA = YES;
				CLANG_WARN_CONSTANT_CONVERSION = YES;
				CLANG_WARN_DEPRECATED_OBJC_IMPLEMENTATIONS = YES;
				CLANG_WARN_DIRECT_OBJC_ISA_USAGE = YES_ERROR;
				CLANG_WARN_DOCUMENTATION_COMMENTS = YES;
				CLANG_WARN_EMPTY_BODY = YES;
				CLANG_WARN_ENUM_CONVERSION = YES;
				CLANG_WARN_INFINITE_RECURSION = YES;
				CLANG_WARN_INT_CONVERSION = YES;
				CLANG_WARN_NON_LITERAL_NULL_CONVERSION = YES;
				CLANG_WARN_OBJC_IMPLICIT_RETAIN_SELF = YES;
				CLANG_WARN_OBJC_LITERAL_CONVERSION = YES;
				CLANG_WARN_OBJC_ROOT_CLASS = YES_ERROR;
				CLANG_WARN_QUOTED_INCLUDE_IN_FRAMEWORK_HEADER = YES;
				CLANG_WARN_RANGE_LOOP_ANALYSIS = YES;
				CLANG_WARN_STRICT_PROTOTYPES = YES;
				CLANG_WARN_SUSPICIOUS_MOVE = YES;
				CLANG_WARN_UNGUARDED_AVAILABILITY = YES_AGGRESSIVE;
				CLANG_WARN_UNREACHABLE_CODE = YES;
				CLANG_WARN__DUPLICATE_METHOD_MATCH = YES;
				COPY_PHASE_STRIP = NO;
				DEBUG_INFORMATION_FORMAT = dwarf;
				ENABLE_STRICT_OBJC_MSGSEND = YES;
				ENABLE_TESTABILITY = YES;
				ENABLE_USER_SCRIPT_SANDBOXING = YES;
				GCC_C_LANGUAGE_STANDARD = gnu17;
				GCC_DYNAMIC_NO_PIC = NO;
				GCC_NO_COMMON_BLOCKS = YES;
				GCC_OPTIMIZATION_LEVEL = 0;
				GCC_PREPROCESSOR_DEFINITIONS = (
					"DEBUG=1",
					"$(inherited)",
				);
				GCC_WARN_64_TO_32_BIT_CONVERSION = YES;
				GCC_WARN_ABOUT_RETURN_TYPE = YES_ERROR;
				GCC_WARN_UNDECLARED_SELECTOR = YES;
				GCC_WARN_UNINITIALIZED_AUTOS = YES_AGGRESSIVE;
				GCC_WARN_UNUSED_FUNCTION = YES;
				GCC_WARN_UNUSED_VARIABLE = YES;
				IPHONEOS_DEPLOYMENT_TARGET = 18.1;
				LOCALIZATION_PREFERS_STRING_CATALOGS = YES;
				MTL_ENABLE_DEBUG_INFO = INCLUDE_SOURCE;
				MTL_FAST_MATH = YES;
				ONLY_ACTIVE_ARCH = YES;
				SDKROOT = iphoneos;
				SWIFT_ACTIVE_COMPILATION_CONDITIONS = "DEBUG $(inherited)";
				SWIFT_OPTIMIZATION_LEVEL = "-Onone";
			};
			name = Debug;
		};
		5418E46D2CDB7232003AF62E /* Release */ = {
			isa = XCBuildConfiguration;
			buildSettings = {
				ALWAYS_SEARCH_USER_PATHS = NO;
				ASSETCATALOG_COMPILER_GENERATE_SWIFT_ASSET_SYMBOL_EXTENSIONS = YES;
				CLANG_ANALYZER_NONNULL = YES;
				CLANG_ANALYZER_NUMBER_OBJECT_CONVERSION = YES_AGGRESSIVE;
				CLANG_CXX_LANGUAGE_STANDARD = "gnu++20";
				CLANG_ENABLE_MODULES = YES;
				CLANG_ENABLE_OBJC_ARC = YES;
				CLANG_ENABLE_OBJC_WEAK = YES;
				CLANG_WARN_BLOCK_CAPTURE_AUTORELEASING = YES;
				CLANG_WARN_BOOL_CONVERSION = YES;
				CLANG_WARN_COMMA = YES;
				CLANG_WARN_CONSTANT_CONVERSION = YES;
				CLANG_WARN_DEPRECATED_OBJC_IMPLEMENTATIONS = YES;
				CLANG_WARN_DIRECT_OBJC_ISA_USAGE = YES_ERROR;
				CLANG_WARN_DOCUMENTATION_COMMENTS = YES;
				CLANG_WARN_EMPTY_BODY = YES;
				CLANG_WARN_ENUM_CONVERSION = YES;
				CLANG_WARN_INFINITE_RECURSION = YES;
				CLANG_WARN_INT_CONVERSION = YES;
				CLANG_WARN_NON_LITERAL_NULL_CONVERSION = YES;
				CLANG_WARN_OBJC_IMPLICIT_RETAIN_SELF = YES;
				CLANG_WARN_OBJC_LITERAL_CONVERSION = YES;
				CLANG_WARN_OBJC_ROOT_CLASS = YES_ERROR;
				CLANG_WARN_QUOTED_INCLUDE_IN_FRAMEWORK_HEADER = YES;
				CLANG_WARN_RANGE_LOOP_ANALYSIS = YES;
				CLANG_WARN_STRICT_PROTOTYPES = YES;
				CLANG_WARN_SUSPICIOUS_MOVE = YES;
				CLANG_WARN_UNGUARDED_AVAILABILITY = YES_AGGRESSIVE;
				CLANG_WARN_UNREACHABLE_CODE = YES;
				CLANG_WARN__DUPLICATE_METHOD_MATCH = YES;
				COPY_PHASE_STRIP = NO;
				DEBUG_INFORMATION_FORMAT = "dwarf-with-dsym";
				ENABLE_NS_ASSERTIONS = NO;
				ENABLE_STRICT_OBJC_MSGSEND = YES;
				ENABLE_USER_SCRIPT_SANDBOXING = YES;
				GCC_C_LANGUAGE_STANDARD = gnu17;
				GCC_NO_COMMON_BLOCKS = YES;
				GCC_WARN_64_TO_32_BIT_CONVERSION = YES;
				GCC_WARN_ABOUT_RETURN_TYPE = YES_ERROR;
				GCC_WARN_UNDECLARED_SELECTOR = YES;
				GCC_WARN_UNINITIALIZED_AUTOS = YES_AGGRESSIVE;
				GCC_WARN_UNUSED_FUNCTION = YES;
				GCC_WARN_UNUSED_VARIABLE = YES;
				IPHONEOS_DEPLOYMENT_TARGET = 18.1;
				LOCALIZATION_PREFERS_STRING_CATALOGS = YES;
				MTL_ENABLE_DEBUG_INFO = NO;
				MTL_FAST_MATH = YES;
				SDKROOT = iphoneos;
				SWIFT_COMPILATION_MODE = wholemodule;
				VALIDATE_PRODUCT = YES;
			};
			name = Release;
		};
		5418E46F2CDB7232003AF62E /* Debug */ = {
			isa = XCBuildConfiguration;
			buildSettings = {
				ASSETCATALOG_COMPILER_APPICON_NAME = AppIcon;
				ASSETCATALOG_COMPILER_GLOBAL_ACCENT_COLOR_NAME = AccentColor;
				CODE_SIGN_STYLE = Automatic;
				CURRENT_PROJECT_VERSION = 1;
				DEVELOPMENT_ASSET_PATHS = "\"MicroQRkit/Preview Content\"";
				DEVELOPMENT_TEAM = 3NRJV72TL6;
				ENABLE_PREVIEWS = YES;
				GENERATE_INFOPLIST_FILE = YES;
				INFOPLIST_KEY_UIApplicationSceneManifest_Generation = YES;
				INFOPLIST_KEY_UIApplicationSupportsIndirectInputEvents = YES;
				INFOPLIST_KEY_UILaunchScreen_Generation = YES;
				INFOPLIST_KEY_UISupportedInterfaceOrientations_iPad = "UIInterfaceOrientationPortrait UIInterfaceOrientationPortraitUpsideDown UIInterfaceOrientationLandscapeLeft UIInterfaceOrientationLandscapeRight";
				INFOPLIST_KEY_UISupportedInterfaceOrientations_iPhone = "UIInterfaceOrientationPortrait UIInterfaceOrientationLandscapeLeft UIInterfaceOrientationLandscapeRight";
				LD_RUNPATH_SEARCH_PATHS = (
					"$(inherited)",
					"@executable_path/Frameworks",
				);
				MARKETING_VERSION = 1.0;
				PRODUCT_BUNDLE_IDENTIFIER = "ValiQ-Security.MicroQRkit";
				PRODUCT_NAME = "$(TARGET_NAME)";
				SWIFT_EMIT_LOC_STRINGS = YES;
				SWIFT_VERSION = 5.0;
				TARGETED_DEVICE_FAMILY = "1,2";
			};
			name = Debug;
		};
		5418E4702CDB7232003AF62E /* Release */ = {
			isa = XCBuildConfiguration;
			buildSettings = {
				ASSETCATALOG_COMPILER_APPICON_NAME = AppIcon;
				ASSETCATALOG_COMPILER_GLOBAL_ACCENT_COLOR_NAME = AccentColor;
				CODE_SIGN_STYLE = Automatic;
				CURRENT_PROJECT_VERSION = 1;
				DEVELOPMENT_ASSET_PATHS = "\"MicroQRkit/Preview Content\"";
				DEVELOPMENT_TEAM = 3NRJV72TL6;
				ENABLE_PREVIEWS = YES;
				GENERATE_INFOPLIST_FILE = YES;
				INFOPLIST_KEY_UIApplicationSceneManifest_Generation = YES;
				INFOPLIST_KEY_UIApplicationSupportsIndirectInputEvents = YES;
				INFOPLIST_KEY_UILaunchScreen_Generation = YES;
				INFOPLIST_KEY_UISupportedInterfaceOrientations_iPad = "UIInterfaceOrientationPortrait UIInterfaceOrientationPortraitUpsideDown UIInterfaceOrientationLandscapeLeft UIInterfaceOrientationLandscapeRight";
				INFOPLIST_KEY_UISupportedInterfaceOrientations_iPhone = "UIInterfaceOrientationPortrait UIInterfaceOrientationLandscapeLeft UIInterfaceOrientationLandscapeRight";
				LD_RUNPATH_SEARCH_PATHS = (
					"$(inherited)",
					"@executable_path/Frameworks",
				);
				MARKETING_VERSION = 1.0;
				PRODUCT_BUNDLE_IDENTIFIER = "ValiQ-Security.MicroQRkit";
				PRODUCT_NAME = "$(TARGET_NAME)";
				SWIFT_EMIT_LOC_STRINGS = YES;
				SWIFT_VERSION = 5.0;
				TARGETED_DEVICE_FAMILY = "1,2";
			};
			name = Release;
		};
		5418E4722CDB7232003AF62E /* Debug */ = {
			isa = XCBuildConfiguration;
			buildSettings = {
				BUNDLE_LOADER = "$(TEST_HOST)";
				CODE_SIGN_STYLE = Automatic;
				CURRENT_PROJECT_VERSION = 1;
				DEVELOPMENT_TEAM = 3NRJV72TL6;
				GENERATE_INFOPLIST_FILE = YES;
				IPHONEOS_DEPLOYMENT_TARGET = 18.1;
				MARKETING_VERSION = 1.0;
				PRODUCT_BUNDLE_IDENTIFIER = "ValiQ-Security.MicroQRkitTests";
				PRODUCT_NAME = "$(TARGET_NAME)";
				SWIFT_EMIT_LOC_STRINGS = NO;
				SWIFT_VERSION = 5.0;
				TARGETED_DEVICE_FAMILY = "1,2";
				TEST_HOST = "$(BUILT_PRODUCTS_DIR)/MicroQRkit.app/$(BUNDLE_EXECUTABLE_FOLDER_PATH)/MicroQRkit";
			};
			name = Debug;
		};
		5418E4732CDB7232003AF62E /* Release */ = {
			isa = XCBuildConfiguration;
			buildSettings = {
				BUNDLE_LOADER = "$(TEST_HOST)";
				CODE_SIGN_STYLE = Automatic;
				CURRENT_PROJECT_VERSION = 1;
				DEVELOPMENT_TEAM = 3NRJV72TL6;
				GENERATE_INFOPLIST_FILE = YES;
				IPHONEOS_DEPLOYMENT_TARGET = 18.1;
				MARKETING_VERSION = 1.0;
				PRODUCT_BUNDLE_IDENTIFIER = "ValiQ-Security.MicroQRkitTests";
				PRODUCT_NAME = "$(TARGET_NAME)";
				SWIFT_EMIT_LOC_STRINGS = NO;
				SWIFT_VERSION = 5.0;
				TARGETED_DEVICE_FAMILY = "1,2";
				TEST_HOST = "$(BUILT_PRODUCTS_DIR)/MicroQRkit.app/$(BUNDLE_EXECUTABLE_FOLDER_PATH)/MicroQRkit";
			};
			name = Release;
		};
		5418E4752CDB7232003AF62E /* Debug */ = {
			isa = XCBuildConfiguration;
			buildSettings = {
				CODE_SIGN_STYLE = Automatic;
				CURRENT_PROJECT_VERSION = 1;
				DEVELOPMENT_TEAM = 3NRJV72TL6;
				GENERATE_INFOPLIST_FILE = YES;
				MARKETING_VERSION = 1.0;
				PRODUCT_BUNDLE_IDENTIFIER = "ValiQ-Security.MicroQRkitUITests";
				PRODUCT_NAME = "$(TARGET_NAME)";
				SWIFT_EMIT_LOC_STRINGS = NO;
				SWIFT_VERSION = 5.0;
				TARGETED_DEVICE_FAMILY = "1,2";
				TEST_TARGET_NAME = MicroQRkit;
			};
			name = Debug;
		};
		5418E4762CDB7232003AF62E /* Release */ = {
			isa = XCBuildConfiguration;
			buildSettings = {
				CODE_SIGN_STYLE = Automatic;
				CURRENT_PROJECT_VERSION = 1;
				DEVELOPMENT_TEAM = 3NRJV72TL6;
				GENERATE_INFOPLIST_FILE = YES;
				MARKETING_VERSION = 1.0;
				PRODUCT_BUNDLE_IDENTIFIER = "ValiQ-Security.MicroQRkitUITests";
				PRODUCT_NAME = "$(TARGET_NAME)";
				SWIFT_EMIT_LOC_STRINGS = NO;
				SWIFT_VERSION = 5.0;
				TARGETED_DEVICE_FAMILY = "1,2";
				TEST_TARGET_NAME = MicroQRkit;
			};
			name = Release;
		};
/* End XCBuildConfiguration section */

/* Begin XCConfigurationList section */
		5418E4402CDB7231003AF62E /* Build configuration list for PBXProject "MicroQRkit" */ = {
			isa = XCConfigurationList;
			buildConfigurations = (
				5418E46C2CDB7232003AF62E /* Debug */,
				5418E46D2CDB7232003AF62E /* Release */,
			);
			defaultConfigurationIsVisible = 0;
			defaultConfigurationName = Release;
		};
		5418E46E2CDB7232003AF62E /* Build configuration list for PBXNativeTarget "MicroQRkit" */ = {
			isa = XCConfigurationList;
			buildConfigurations = (
				5418E46F2CDB7232003AF62E /* Debug */,
				5418E4702CDB7232003AF62E /* Release */,
			);
			defaultConfigurationIsVisible = 0;
			defaultConfigurationName = Release;
		};
		5418E4712CDB7232003AF62E /* Build configuration list for PBXNativeTarget "MicroQRkitTests" */ = {
			isa = XCConfigurationList;
			buildConfigurations = (
				5418E4722CDB7232003AF62E /* Debug */,
				5418E4732CDB7232003AF62E /* Release */,
			);
			defaultConfigurationIsVisible = 0;
			defaultConfigurationName = Release;
		};
		5418E4742CDB7232003AF62E /* Build configuration list for PBXNativeTarget "MicroQRkitUITests" */ = {
			isa = XCConfigurationList;
			buildConfigurations = (
				5418E4752CDB7232003AF62E /* Debug */,
				5418E4762CDB7232003AF62E /* Release */,
			);
			defaultConfigurationIsVisible = 0;
			defaultConfigurationName = Release;
		};
/* End XCConfigurationList section */
	};
	rootObject = 5418E43D2CDB7231003AF62E /* Project object */;
}
